<?xml version="1.0" encoding="utf-8"?>
<Project ToolsVersion="4.0" xmlns="http://schemas.microsoft.com/developer/msbuild/2003">
  <ItemGroup>
    <Filter Include="Source Files">
      <UniqueIdentifier>{4FC737F1-C7A5-4376-A066-2A32D752A2FF}</UniqueIdentifier>
      <Extensions>cpp;c;cc;cxx;c++;cppm;ixx;def;odl;idl;hpj;bat;asm;asmx</Extensions>
    </Filter>
    <Filter Include="Header Files">
      <UniqueIdentifier>{93995380-89BD-4b04-88EB-625FBE52EBFB}</UniqueIdentifier>
      <Extensions>h;hh;hpp;hxx;h++;hm;inl;inc;ipp;xsd</Extensions>
    </Filter>
    <Filter Include="Resource Files">
      <UniqueIdentifier>{67DA6AB6-F800-4c08-8B7A-83BB121AAD01}</UniqueIdentifier>
      <Extensions>rc;ico;cur;bmp;dlg;rc2;rct;bin;rgs;gif;jpg;jpeg;jpe;resx;tiff;tif;png;wav;mfcribbon-ms</Extensions>
    </Filter>
  </ItemGroup>
  <ItemGroup>
    <ClCompile Include="MainForm.cpp">
      <Filter>Source Files</Filter>
    </ClCompile>
    <ClCompile Include="main.cpp">
      <Filter>Source Files</Filter>
    </ClCompile>
    <ClCompile Include="SortingVisualizerForm.cpp">
      <Filter>Source Files</Filter>
    </ClCompile>
    <ClCompile Include="SelectionSortEngine.cpp">
      <Filter>Source Files</Filter>
    </ClCompile>
    <ClCompile Include="VisualizableSelectionSortEngine.cpp">
      <Filter>Source Files</Filter>
    </ClCompile>
    <ClCompile Include="SortEngine.cpp">
      <Filter>Source Files</Filter>
    </ClCompile>
    <ClCompile Include="VisualizableHeapSortEngine.cpp">
      <Filter>Source Files</Filter>
    </ClCompile>
    <ClCompile Include="HeapSortEngine.cpp">
      <Filter>Source Files</Filter>
    </ClCompile>
    <ClCompile Include="VisualizableSmoothSortEngine.cpp">
      <Filter>Source Files</Filter>
    </ClCompile>
    <ClCompile Include="SmoothSortEngine.cpp">
      <Filter>Source Files</Filter>
    </ClCompile>
  </ItemGroup>
  <ItemGroup>
    <ClInclude Include="MainForm.h">
      <Filter>Header Files</Filter>
    </ClInclude>
    <ClInclude Include="SortingVisualizerForm.h">
      <Filter>Header Files</Filter>
    </ClInclude>
    <ClInclude Include="ISortEngine.h">
      <Filter>Header Files</Filter>
    </ClInclude>
    <ClInclude Include="SelectionSortEngine.h">
      <Filter>Header Files</Filter>
    </ClInclude>
    <ClInclude Include="VisualizableSelectionSortEngine.h">
      <Filter>Header Files</Filter>
    </ClInclude>
    <ClInclude Include="SortEngine.h">
      <Filter>Header Files</Filter>
    </ClInclude>
    <ClInclude Include="VisualizableHeapSortEngine.h">
      <Filter>Header Files</Filter>
    </ClInclude>
    <ClInclude Include="HeapSortEngine.h">
      <Filter>Header Files</Filter>
    </ClInclude>
    <ClInclude Include="VisualizableSmoothSortEngine.h">
      <Filter>Header Files</Filter>
    </ClInclude>
    <ClInclude Include="SmoothSortEngine.h">
      <Filter>Header Files</Filter>
    </ClInclude>
  </ItemGroup>
</Project>